
Microsoft Visual Studio Solution File, Format Version 12.00
# Visual Studio Version 17
VisualStudioVersion = 17.5.33516.290
MinimumVisualStudioVersion = 10.0.40219.1
Project("{FAE04EC0-301F-11D3-BF4B-00C04F79EFBC}") = "LabForm2", "LabForm2\LabForm2.csproj", "{187DA1C8-335D-4EC0-897D-D54A1E9A3CEC}"
EndProject
Global
	GlobalSection(SolutionConfigurationPlatforms) = preSolution
		Debug|Any CPU = Debug|Any CPU
		Release|Any CPU = Release|Any CPU
	EndGlobalSection
	GlobalSection(ProjectConfigurationPlatforms) = postSolution
		{187DA1C8-335D-4EC0-897D-D54A1E9A3CEC}.Debug|Any CPU.ActiveCfg = Debug|Any CPU
		{187DA1C8-335D-4EC0-897D-D54A1E9A3CEC}.Debug|Any CPU.Build.0 = Debug|Any CPU
		{187DA1C8-335D-4EC0-897D-D54A1E9A3CEC}.Release|Any CPU.ActiveCfg = Release|Any CPU
		{187DA1C8-335D-4EC0-897D-D54A1E9A3CEC}.Release|Any CPU.Build.0 = Release|Any CPU
	EndGlobalSection
	GlobalSection(SolutionProperties) = preSolution
		HideSolutionNode = FALSE
	EndGlobalSection
	GlobalSection(ExtensibilityGlobals) = postSolution
		SolutionGuid = {29B4B895-82D2-4B3B-A362-B5115E45DDF0}
	EndGlobalSection
EndGlobal
